
Microsoft Visual Studio Solution File, Format Version 12.00
# Visual Studio 15
VisualStudioVersion = 15.0.28307.1082
MinimumVisualStudioVersion = 10.0.40219.1
Project("{888888A0-9F3D-457C-B088-3A5042F75D52}") = "game_ai", "game_ai\game_ai.pyproj", "{13A238FD-14B4-4974-AF68-AD0B220146AF}"
EndProject
Global
	GlobalSection(SolutionConfigurationPlatforms) = preSolution
		Debug|Any CPU = Debug|Any CPU
		Release|Any CPU = Release|Any CPU
	EndGlobalSection
	GlobalSection(ProjectConfigurationPlatforms) = postSolution
		{13A238FD-14B4-4974-AF68-AD0B220146AF}.Debug|Any CPU.ActiveCfg = Debug|Any CPU
		{13A238FD-14B4-4974-AF68-AD0B220146AF}.Release|Any CPU.ActiveCfg = Release|Any CPU
	EndGlobalSection
	GlobalSection(SolutionProperties) = preSolution
		HideSolutionNode = FALSE
	EndGlobalSection
	GlobalSection(ExtensibilityGlobals) = postSolution
		SolutionGuid = {F805C264-A883-4C8C-A542-D494FCB360D0}
	EndGlobalSection
EndGlobal
